{
  "requires": true,
  "lockfileVersion": 1,
  "dependencies": {
    "jiff": {
      "version": "0.7.3",
      "resolved": "https://registry.npmjs.org/jiff/-/jiff-0.7.3.tgz",
      "integrity": "sha512-MAo1DhUJTPPFcC+oY80dLHCcHdliFRJyNKn9o3AjImnNWyeA7bALsFbvmN+1Dv5eGTcEMBz3in3ENgvQsNTp5g=="
    }
  }
}
